dependencies:
- name: postgresql
  repository: https://charts.bitnami.com/bitnami
  version: 18.5.6
- name: postgresql
  repository: https://charts.bitnami.com/bitnami
  version: 18.5.6
- name: postgresql
  repository: https://charts.bitnami.com/bitnami
  version: 18.5.6
- name: redis
  repository: https://charts.bitnami.com/bitnami
  version: 25.3.2
digest: sha256:ae713b010440267f542904df4d0acb9c34b29d7b05e8f877e4674f3681745a83
generated: "2026-04-04T00:59:59.862211828+02:00"
