dependencies:
- name: postgresql
  repository: https://charts.bitnami.com/bitnami
  version: 18.5.6
- name: postgresql
  repository: https://charts.bitnami.com/bitnami
  version: 18.5.6
- name: redis
  repository: https://charts.bitnami.com/bitnami
  version: 25.3.2
digest: sha256:6e96031a7ca67a6aa793988bdc437d5c4553514247962d1cdb56ba8c343eb1bf
generated: "2026-04-01T14:20:57.626888745+02:00"
